
Microsoft Visual Studio Solution File, Format Version 9.00
# Visual C# Express 2005
Project("{FAE04EC0-301F-11D3-BF4B-00C04F79EFBC}") = "Juego", "Juego\Juego.csproj", "{6EB8D56A-301E-4383-842B-1C8EE22D047C}"
EndProject
Global
	GlobalSection(SolutionConfigurationPlatforms) = preSolution
		Debug|x86 = Debug|x86
		Release|x86 = Release|x86
	EndGlobalSection
	GlobalSection(ProjectConfigurationPlatforms) = postSolution
		{6EB8D56A-301E-4383-842B-1C8EE22D047C}.Debug|x86.ActiveCfg = Debug|x86
		{6EB8D56A-301E-4383-842B-1C8EE22D047C}.Debug|x86.Build.0 = Debug|x86
		{6EB8D56A-301E-4383-842B-1C8EE22D047C}.Release|x86.ActiveCfg = Release|x86
		{6EB8D56A-301E-4383-842B-1C8EE22D047C}.Release|x86.Build.0 = Release|x86
		{CEFEC11B-84E7-4377-9A37-ECCD2AC25478}.Debug|x86.ActiveCfg = Debug|x86
		{CEFEC11B-84E7-4377-9A37-ECCD2AC25478}.Release|x86.ActiveCfg = Release|x86
	EndGlobalSection
	GlobalSection(SolutionProperties) = preSolution
		HideSolutionNode = FALSE
	EndGlobalSection
EndGlobal
